
Microsoft Visual Studio Solution File, Format Version 12.00
# Visual Studio Version 17
VisualStudioVersion = 17.11.35327.3
MinimumVisualStudioVersion = 10.0.40219.1
Project("{FAE04EC0-301F-11D3-BF4B-00C04F79EFBC}") = "JwtOtp_netcore8_T2", "JwtOtp_netcore8_T2\JwtOtp_netcore8_T2.csproj", "{05F10B54-64B2-41A1-954B-C21B7A12C39C}"
EndProject
Global
	GlobalSection(SolutionConfigurationPlatforms) = preSolution
		Debug|Any CPU = Debug|Any CPU
		Release|Any CPU = Release|Any CPU
	EndGlobalSection
	GlobalSection(ProjectConfigurationPlatforms) = postSolution
		{05F10B54-64B2-41A1-954B-C21B7A12C39C}.Debug|Any CPU.ActiveCfg = Debug|Any CPU
		{05F10B54-64B2-41A1-954B-C21B7A12C39C}.Debug|Any CPU.Build.0 = Debug|Any CPU
		{05F10B54-64B2-41A1-954B-C21B7A12C39C}.Release|Any CPU.ActiveCfg = Release|Any CPU
		{05F10B54-64B2-41A1-954B-C21B7A12C39C}.Release|Any CPU.Build.0 = Release|Any CPU
	EndGlobalSection
	GlobalSection(SolutionProperties) = preSolution
		HideSolutionNode = FALSE
	EndGlobalSection
	GlobalSection(ExtensibilityGlobals) = postSolution
		SolutionGuid = {2541170C-17F7-4A0B-9E49-D6E8489DCE61}
	EndGlobalSection
EndGlobal
